
Microsoft Visual Studio Solution File, Format Version 12.00
# Visual Studio Version 17
VisualStudioVersion = 17.5.002.0
MinimumVisualStudioVersion = 10.0.40219.1
Project("{9A19103F-16F7-4668-BE54-9A1E7A4F7556}") = "Advent", "Advent\Advent.csproj", "{CAAB931F-0DDC-48BE-BF81-839C4D652ABE}"
EndProject
Project("{FAE04EC0-301F-11D3-BF4B-00C04F79EFBC}") = "Advent.Tests", "Advent.Tests\Advent.Tests.csproj", "{55D0479E-ACBE-4E2D-8F2C-A2BCC8F7D2F2}"
EndProject
Global
	GlobalSection(SolutionConfigurationPlatforms) = preSolution
		Debug|Any CPU = Debug|Any CPU
		Release|Any CPU = Release|Any CPU
	EndGlobalSection
	GlobalSection(ProjectConfigurationPlatforms) = postSolution
		{CAAB931F-0DDC-48BE-BF81-839C4D652ABE}.Debug|Any CPU.ActiveCfg = Debug|Any CPU
		{CAAB931F-0DDC-48BE-BF81-839C4D652ABE}.Debug|Any CPU.Build.0 = Debug|Any CPU
		{CAAB931F-0DDC-48BE-BF81-839C4D652ABE}.Release|Any CPU.ActiveCfg = Release|Any CPU
		{CAAB931F-0DDC-48BE-BF81-839C4D652ABE}.Release|Any CPU.Build.0 = Release|Any CPU
		{55D0479E-ACBE-4E2D-8F2C-A2BCC8F7D2F2}.Debug|Any CPU.ActiveCfg = Debug|Any CPU
		{55D0479E-ACBE-4E2D-8F2C-A2BCC8F7D2F2}.Debug|Any CPU.Build.0 = Debug|Any CPU
		{55D0479E-ACBE-4E2D-8F2C-A2BCC8F7D2F2}.Release|Any CPU.ActiveCfg = Release|Any CPU
		{55D0479E-ACBE-4E2D-8F2C-A2BCC8F7D2F2}.Release|Any CPU.Build.0 = Release|Any CPU
	EndGlobalSection
	GlobalSection(SolutionProperties) = preSolution
		HideSolutionNode = FALSE
	EndGlobalSection
	GlobalSection(ExtensibilityGlobals) = postSolution
		SolutionGuid = {5BB2BCDC-6B6C-49F2-A846-259B2F4438E4}
	EndGlobalSection
EndGlobal
